
Microsoft Visual Studio Solution File, Format Version 12.00
# Visual Studio Version 17
VisualStudioVersion = 17.10.34928.147
MinimumVisualStudioVersion = 10.0.40219.1
Project("{FAE04EC0-301F-11D3-BF4B-00C04F79EFBC}") = "ML", "ML\ML.csproj", "{A681CAD8-3D4A-42FC-A086-250AC16BC640}"
EndProject
Project("{FAE04EC0-301F-11D3-BF4B-00C04F79EFBC}") = "BL", "BL\BL.csproj", "{C49A331E-F7BD-48B1-BF89-0244EC2D238F}"
EndProject
Project("{FAE04EC0-301F-11D3-BF4B-00C04F79EFBC}") = "DL", "DL\DL.csproj", "{AD4AB8E1-8723-4C3A-B394-EA12E196DE75}"
EndProject
Project("{FAE04EC0-301F-11D3-BF4B-00C04F79EFBC}") = "PL_MVC", "PL_MVC\PL_MVC.csproj", "{371A5228-DAF8-4B30-B547-6CCC99505017}"
EndProject
Global
	GlobalSection(SolutionConfigurationPlatforms) = preSolution
		Debug|Any CPU = Debug|Any CPU
		Release|Any CPU = Release|Any CPU
	EndGlobalSection
	GlobalSection(ProjectConfigurationPlatforms) = postSolution
		{A681CAD8-3D4A-42FC-A086-250AC16BC640}.Debug|Any CPU.ActiveCfg = Debug|Any CPU
		{A681CAD8-3D4A-42FC-A086-250AC16BC640}.Debug|Any CPU.Build.0 = Debug|Any CPU
		{A681CAD8-3D4A-42FC-A086-250AC16BC640}.Release|Any CPU.ActiveCfg = Release|Any CPU
		{A681CAD8-3D4A-42FC-A086-250AC16BC640}.Release|Any CPU.Build.0 = Release|Any CPU
		{C49A331E-F7BD-48B1-BF89-0244EC2D238F}.Debug|Any CPU.ActiveCfg = Debug|Any CPU
		{C49A331E-F7BD-48B1-BF89-0244EC2D238F}.Debug|Any CPU.Build.0 = Debug|Any CPU
		{C49A331E-F7BD-48B1-BF89-0244EC2D238F}.Release|Any CPU.ActiveCfg = Release|Any CPU
		{C49A331E-F7BD-48B1-BF89-0244EC2D238F}.Release|Any CPU.Build.0 = Release|Any CPU
		{AD4AB8E1-8723-4C3A-B394-EA12E196DE75}.Debug|Any CPU.ActiveCfg = Debug|Any CPU
		{AD4AB8E1-8723-4C3A-B394-EA12E196DE75}.Debug|Any CPU.Build.0 = Debug|Any CPU
		{AD4AB8E1-8723-4C3A-B394-EA12E196DE75}.Release|Any CPU.ActiveCfg = Release|Any CPU
		{AD4AB8E1-8723-4C3A-B394-EA12E196DE75}.Release|Any CPU.Build.0 = Release|Any CPU
		{371A5228-DAF8-4B30-B547-6CCC99505017}.Debug|Any CPU.ActiveCfg = Debug|Any CPU
		{371A5228-DAF8-4B30-B547-6CCC99505017}.Debug|Any CPU.Build.0 = Debug|Any CPU
		{371A5228-DAF8-4B30-B547-6CCC99505017}.Release|Any CPU.ActiveCfg = Release|Any CPU
		{371A5228-DAF8-4B30-B547-6CCC99505017}.Release|Any CPU.Build.0 = Release|Any CPU
	EndGlobalSection
	GlobalSection(SolutionProperties) = preSolution
		HideSolutionNode = FALSE
	EndGlobalSection
	GlobalSection(ExtensibilityGlobals) = postSolution
		SolutionGuid = {2CBDEB0C-72B6-4D61-9DD8-F5E5AD270F27}
	EndGlobalSection
EndGlobal
